
Microsoft Visual Studio Solution File, Format Version 12.00
# Visual Studio 14
VisualStudioVersion = 14.0.25123.0
MinimumVisualStudioVersion = 10.0.40219.1
Project("{8BC9CEB8-8B4A-11D0-8D11-00A0C91BC942}") = "Algorithm", "Algorithm\Algorithm.vcxproj", "{70C07E14-764B-44DA-AF2E-735D39198DB9}"
EndProject
Project("{8BC9CEB8-8B4A-11D0-8D11-00A0C91BC942}") = "Connect_Four", "Connect_Four\Connect_Four.vcxproj", "{05DA7EF1-4300-4FB0-AB2A-01A642E86227}"
EndProject
Project("{8BC9CEB8-8B4A-11D0-8D11-00A0C91BC942}") = "Traffic_Light", "Traffic_Light\Traffic_Light.vcxproj", "{65A3DAFD-604F-49F8-ACF6-E250FD04EDB0}"
EndProject
Project("{8BC9CEB8-8B4A-11D0-8D11-00A0C91BC942}") = "List_Building", "List_Building\List_Building.vcxproj", "{6774E7C1-CA7C-4616-833B-6C28D042AA34}"
EndProject
Global
	GlobalSection(SolutionConfigurationPlatforms) = preSolution
		Debug|x64 = Debug|x64
		Debug|x86 = Debug|x86
		Release|x64 = Release|x64
		Release|x86 = Release|x86
	EndGlobalSection
	GlobalSection(ProjectConfigurationPlatforms) = postSolution
		{70C07E14-764B-44DA-AF2E-735D39198DB9}.Debug|x64.ActiveCfg = Debug|x64
		{70C07E14-764B-44DA-AF2E-735D39198DB9}.Debug|x64.Build.0 = Debug|x64
		{70C07E14-764B-44DA-AF2E-735D39198DB9}.Debug|x86.ActiveCfg = Debug|Win32
		{70C07E14-764B-44DA-AF2E-735D39198DB9}.Debug|x86.Build.0 = Debug|Win32
		{70C07E14-764B-44DA-AF2E-735D39198DB9}.Release|x64.ActiveCfg = Release|x64
		{70C07E14-764B-44DA-AF2E-735D39198DB9}.Release|x64.Build.0 = Release|x64
		{70C07E14-764B-44DA-AF2E-735D39198DB9}.Release|x86.ActiveCfg = Release|Win32
		{70C07E14-764B-44DA-AF2E-735D39198DB9}.Release|x86.Build.0 = Release|Win32
		{05DA7EF1-4300-4FB0-AB2A-01A642E86227}.Debug|x64.ActiveCfg = Debug|x64
		{05DA7EF1-4300-4FB0-AB2A-01A642E86227}.Debug|x64.Build.0 = Debug|x64
		{05DA7EF1-4300-4FB0-AB2A-01A642E86227}.Debug|x86.ActiveCfg = Debug|Win32
		{05DA7EF1-4300-4FB0-AB2A-01A642E86227}.Debug|x86.Build.0 = Debug|Win32
		{05DA7EF1-4300-4FB0-AB2A-01A642E86227}.Release|x64.ActiveCfg = Release|x64
		{05DA7EF1-4300-4FB0-AB2A-01A642E86227}.Release|x64.Build.0 = Release|x64
		{05DA7EF1-4300-4FB0-AB2A-01A642E86227}.Release|x86.ActiveCfg = Release|Win32
		{05DA7EF1-4300-4FB0-AB2A-01A642E86227}.Release|x86.Build.0 = Release|Win32
		{65A3DAFD-604F-49F8-ACF6-E250FD04EDB0}.Debug|x64.ActiveCfg = Debug|x64
		{65A3DAFD-604F-49F8-ACF6-E250FD04EDB0}.Debug|x64.Build.0 = Debug|x64
		{65A3DAFD-604F-49F8-ACF6-E250FD04EDB0}.Debug|x86.ActiveCfg = Debug|Win32
		{65A3DAFD-604F-49F8-ACF6-E250FD04EDB0}.Debug|x86.Build.0 = Debug|Win32
		{65A3DAFD-604F-49F8-ACF6-E250FD04EDB0}.Release|x64.ActiveCfg = Release|x64
		{65A3DAFD-604F-49F8-ACF6-E250FD04EDB0}.Release|x64.Build.0 = Release|x64
		{65A3DAFD-604F-49F8-ACF6-E250FD04EDB0}.Release|x86.ActiveCfg = Release|Win32
		{65A3DAFD-604F-49F8-ACF6-E250FD04EDB0}.Release|x86.Build.0 = Release|Win32
		{6774E7C1-CA7C-4616-833B-6C28D042AA34}.Debug|x64.ActiveCfg = Debug|x64
		{6774E7C1-CA7C-4616-833B-6C28D042AA34}.Debug|x64.Build.0 = Debug|x64
		{6774E7C1-CA7C-4616-833B-6C28D042AA34}.Debug|x86.ActiveCfg = Debug|Win32
		{6774E7C1-CA7C-4616-833B-6C28D042AA34}.Debug|x86.Build.0 = Debug|Win32
		{6774E7C1-CA7C-4616-833B-6C28D042AA34}.Release|x64.ActiveCfg = Release|x64
		{6774E7C1-CA7C-4616-833B-6C28D042AA34}.Release|x64.Build.0 = Release|x64
		{6774E7C1-CA7C-4616-833B-6C28D042AA34}.Release|x86.ActiveCfg = Release|Win32
		{6774E7C1-CA7C-4616-833B-6C28D042AA34}.Release|x86.Build.0 = Release|Win32
	EndGlobalSection
	GlobalSection(SolutionProperties) = preSolution
		HideSolutionNode = FALSE
	EndGlobalSection
EndGlobal
